{
    "_meta": {
        "hash": {
            "sha256": "add597cb6a4fca9353e173f24ce262f57be0a7c807268f2d08233e29e0bcfbe0"
        },
        "pipfile-spec": 6,
        "requires": {
            "python_version": "3.8"
        },
        "sources": [
            {
                "name": "pypi",
                "url": "https://pypi.org/simple",
                "verify_ssl": true
            }
        ]
    },
    "default": {
        "beautifulsoup4": {
            "hashes": [
                "sha256:5279c36b4b2ec2cb4298d723791467e3000e5384a43ea0cdf5d45207c7e97169",
                "sha256:6135db2ba678168c07950f9a16c4031822c6f4aec75a65e0a97bc5ca09789931",
                "sha256:dcdef580e18a76d54002088602eba453eec38ebbcafafeaabd8cab12b6155d57"
            ],
            "index": "pypi",
            "version": "==4.8.1"
        },
        "bootstrap4": {
            "hashes": [
                "sha256:f768f9a2760c4765682a7cd26f2d1662e8f82d5e773e325c386709abeb2dd3ae"
            ],
            "index": "pypi",
            "version": "==0.1.0"
        },
        "certifi": {
            "hashes": [
                "sha256:e4f3620cfea4f83eedc95b24abd9cd56f3c4b146dd0177e83a21b4eb49e21e50",
                "sha256:fd7c7c74727ddcf00e9acd26bba8da604ffec95bf1c2144e67aff7a8b50e6cef"
            ],
            "index": "pypi",
            "version": "==2019.9.11"
        },
        "chardet": {
            "hashes": [
                "sha256:84ab92ed1c4d4f16916e05906b6b75a6c0fb5db821cc65e70cbd64a3e2a5eaae",
                "sha256:fc323ffcaeaed0e0a02bf4d117757b98aed530d9ed4531e3e15460124c106691"
            ],
            "index": "pypi",
            "version": "==3.0.4"
        },
        "django": {
            "hashes": [
                "sha256:16040e1288c6c9f68c6da2fe75ebde83c0a158f6f5d54f4c5177b0c1478c5b86",
                "sha256:89c2007ca4fa5b351a51a279eccff298520783b713bf28efb89dfb81c80ea49b"
            ],
            "index": "pypi",
            "version": "==2.2.7"
        },
        "django-appconf": {
            "hashes": [
                "sha256:1b1d0e1069c843ebe8ae5aa48ec52403b1440402b320c3e3a206a0907e97bb06",
                "sha256:be58deb54a43d77d2e1621fe59f787681376d3cd0b8bd8e4758ef6c3a6453380"
            ],
            "version": "==1.0.4"
        },
        "django-bootstrap4": {
            "hashes": [
                "sha256:3da770392819267eda2f774bcf832460af00db21089b94caf4df94be8a48c48c"
            ],
            "index": "pypi",
            "version": "==1.0.1"
        },
        "django-compressor": {
            "hashes": [
                "sha256:57ac0a696d061e5fc6fbc55381d2050f353b973fb97eee5593f39247bc0f30af",
                "sha256:d2ed1c6137ddaac5536233ec0a819e14009553fee0a869bea65d03e5285ba74f"
            ],
            "index": "pypi",
            "version": "==2.4"
        },
        "django-crispy-forms": {
            "hashes": [
                "sha256:0afc0ba730f52a13c02bfbd0e1423af4577a337d73a8a0ef96f2cbbc5f345ffa",
                "sha256:2db711ce31f6f9ef42c16829cc3636e3819f97c1b22a3b706afed679bc417e88"
            ],
            "index": "pypi",
            "version": "==1.8.1"
        },
        "django-libsass": {
            "hashes": [
                "sha256:38fab4ce1245542f3afd7248dc48f8a0b261f5f6c61e7cc43969a9c9079b5ffd",
                "sha256:3e74fd8e75ac0e6ebc0443efc3e530167981bf279fecc2294094c820ae266fbb"
            ],
            "index": "pypi",
            "version": "==0.8"
        },
        "gunicorn": {
            "hashes": [
                "sha256:0806b5e8a2eb8ba9ac1be65d7b743ec896fc25f5d6cb16c5e051540157b315bb",
                "sha256:ef69dea4814df95e64e3f40b47b7ffedc6911c5009233be9d01cfd0d14aa3f50"
            ],
            "index": "pypi",
            "version": "==20.0.0"
        },
        "idna": {
            "hashes": [
                "sha256:c357b3f628cf53ae2c4c05627ecc484553142ca23264e593d327bcde5e9c3407",
                "sha256:ea8b7f6188e6fa117537c3df7da9fc686d485087abf6ac197f9c46432f7e4a3c"
            ],
            "index": "pypi",
            "version": "==2.8"
        },
        "libsass": {
            "hashes": [
                "sha256:107c409524c6a4ed14410fa9dafa9ee59c6bd3ecae75d73af749ab2b75685726",
                "sha256:3bc0d68778b30b5fa83199e18795314f64b26ca5871e026343e63934f616f7f7",
                "sha256:5c8ff562b233734fbc72b23bb862cc6a6f70b1e9bf85a58422aa75108b94783b",
                "sha256:74f6fb8da58179b5d86586bc045c16d93d55074bc7bb48b6354a4da7ac9f9dfd",
                "sha256:7555d9b24e79943cfafac44dbb4ca7e62105c038de7c6b999838c9ff7b88645d",
                "sha256:794f4f4661667263e7feafe5cc866e3746c7c8a9192b2aa9afffdadcbc91c687",
                "sha256:8cf72552b39e78a1852132e16b706406bc76029fe3001583284ece8d8752a60a",
                "sha256:98f6dee9850b29e62977a963e3beb3cfeb98b128a267d59d2c3d675e298c8d57",
                "sha256:a43f3830d83ad9a7f5013c05ce239ca71744d0780dad906587302ac5257bce60",
                "sha256:b077261a04ba1c213e932943208471972c5230222acb7fa97373e55a40872cbb",
                "sha256:b7452f1df274b166dc22ee2e9154c4adca619bcbbdf8041a7aa05f372a1dacbc",
                "sha256:e6a547c0aa731dcb4ed71f198e814bee0400ce04d553f3f12a53bc3a17f2a481",
                "sha256:fd19c8f73f70ffc6cbcca8139da08ea9a71fc48e7dfc4bb236ad88ab2d6558f1"
            ],
            "version": "==0.20.0"
        },
        "mysqlclient": {
            "hashes": [
                "sha256:4c82187dd6ab3607150fbb1fa5ef4643118f3da122b8ba31c3149ddd9cf0cb39",
                "sha256:9e6080a7aee4cc6a06b58b59239f20f1d259c1d2fddf68ddeed242d2311c7087",
                "sha256:f3fdaa9a38752a3b214a6fe79d7cae3653731a53e577821f9187e67cbecb2e16",
                "sha256:f646f8d17d02be0872291f258cce3813497bc7888cd4712a577fd1e719b2f213"
            ],
            "index": "pypi",
            "version": "==1.4.6"
        },
        "pillow": {
            "hashes": [
                "sha256:04a10558320eba9137d6a78ca6fc8f4a5801f1b971152938851dc4629d903579",
                "sha256:0f89ddc77cf421b8cd34ae852309501458942bf370831b4a9b406156b599a14e",
                "sha256:251e5618125ec12ac800265d7048f5857a8f8f1979db9ea3e11382e159d17f68",
                "sha256:291bad7097b06d648222b769bbfcd61e40d0abdfe10df686d20ede36eb8162b6",
                "sha256:2f0b52a08d175f10c8ea36685115681a484c55d24d0933f9fd911e4111c04144",
                "sha256:3713386d1e9e79cea1c5e6aaac042841d7eef838cc577a3ca153c8bedf570287",
                "sha256:433bbc2469a2351bea53666d97bb1eb30f0d56461735be02ea6b27654569f80f",
                "sha256:4510c6b33277970b1af83c987277f9a08ec2b02cc20ac0f9234e4026136bb137",
                "sha256:50a10b048f4dd81c092adad99fa5f7ba941edaf2f9590510109ac2a15e706695",
                "sha256:670e58d3643971f4afd79191abd21623761c2ebe61db1c2cb4797d817c4ba1a7",
                "sha256:6c1924ed7dbc6ad0636907693bbbdd3fdae1d73072963e71f5644b864bb10b4d",
                "sha256:721c04d3c77c38086f1f95d1cd8df87f2f9a505a780acf8575912b3206479da1",
                "sha256:8d5799243050c2833c2662b824dfb16aa98e408d2092805edea4300a408490e7",
                "sha256:90cd441a1638ae176eab4d8b6b94ab4ec24b212ed4c3fbee2a6e74672481d4f8",
                "sha256:a5dc9f28c0239ec2742d4273bd85b2aa84655be2564db7ad1eb8f64b1efcdc4c",
                "sha256:b2f3e8cc52ecd259b94ca880fea0d15f4ebc6da2cd3db515389bb878d800270f",
                "sha256:b7453750cf911785009423789d2e4e5393aae9cbb8b3f471dab854b85a26cb89",
                "sha256:b99b2607b6cd58396f363b448cbe71d3c35e28f03e442ab00806463439629c2c",
                "sha256:cd47793f7bc9285a88c2b5551d3f16a2ddd005789614a34c5f4a598c2a162383",
                "sha256:d6bf085f6f9ec6a1724c187083b37b58a8048f86036d42d21802ed5d1fae4853",
                "sha256:da737ab273f4d60ae552f82ad83f7cbd0e173ca30ca20b160f708c92742ee212",
                "sha256:eb84e7e5b07ff3725ab05977ac56d5eeb0c510795aeb48e8b691491be3c5745b"
            ],
            "index": "pypi",
            "version": "==7.1.1"
        },
        "python-dateutil": {
            "hashes": [
                "sha256:6f197348b46fb8cdf9f3fcfc2a7d5a97da95db3e2e8667cf657216274fe1b009"
            ],
            "index": "pypi",
            "version": "==1.5"
        },
        "pytz": {
            "hashes": [
                "sha256:1c557d7d0e871de1f5ccd5833f60fb2550652da6be2693c1e02300743d21500d",
                "sha256:b02c06db6cf09c12dd25137e563b31700d3b80fcc4ad23abb7a315f2789819be"
            ],
            "index": "pypi",
            "version": "==2019.3"
        },
        "rcssmin": {
            "hashes": [
                "sha256:ca87b695d3d7864157773a61263e5abb96006e9ff0e021eff90cbe0e1ba18270"
            ],
            "version": "==1.0.6"
        },
        "requests": {
            "hashes": [
                "sha256:11e007a8a2aa0323f5a921e9e6a2d7e4e67d9877e85773fba9ba6419025cbeb4",
                "sha256:9cf5292fcd0f598c671cfc1e0d7d1a7f13bb8085e9a590f48c010551dc6c4b31"
            ],
            "index": "pypi",
            "version": "==2.22.0"
        },
        "rjsmin": {
            "hashes": [
                "sha256:0ab825839125eaca57cc59581d72e596e58a7a56fbc0839996b7528f0343a0a8",
                "sha256:211c2fe8298951663bbc02acdffbf714f6793df54bfc50e1c6c9e71b3f2559a3",
                "sha256:466fe70cc5647c7c51b3260c7e2e323a98b2b173564247f9c89e977720a0645f",
                "sha256:585e75a84d9199b68056fd4a083d9a61e2a92dfd10ff6d4ce5bdb04bc3bdbfaf",
                "sha256:6044ca86e917cd5bb2f95e6679a4192cef812122f28ee08c677513de019629b3",
                "sha256:714329db774a90947e0e2086cdddb80d5e8c4ac1c70c9f92436378dedb8ae345",
                "sha256:799890bd07a048892d8d3deb9042dbc20b7f5d0eb7da91e9483c561033b23ce2",
                "sha256:975b69754d6a76be47c0bead12367a1ca9220d08e5393f80bab0230d4625d1f4",
                "sha256:b15dc75c71f65d9493a8c7fa233fdcec823e3f1b88ad84a843ffef49b338ac32",
                "sha256:dd0f4819df4243ffe4c964995794c79ca43943b5b756de84be92b445a652fb86",
                "sha256:e3908b21ebb584ce74a6ac233bdb5f29485752c9d3be5e50c5484ed74169232c",
                "sha256:e487a7783ac4339e79ec610b98228eb9ac72178973e3dee16eba0e3feef25924",
                "sha256:ecd29f1b3e66a4c0753105baec262b331bcbceefc22fbe6f7e8bcd2067bcb4d7"
            ],
            "version": "==1.1.0"
        },
        "six": {
            "hashes": [
                "sha256:236bdbdce46e6e6a3d61a337c0f8b763ca1e8717c03b369e87a7ec7ce1319c0a",
                "sha256:8f3cd2e254d8f793e7f3d6d9df77b92252b52637291d0f0da013c76ea2724b6c"
            ],
            "version": "==1.14.0"
        },
        "soupsieve": {
            "hashes": [
                "sha256:bdb0d917b03a1369ce964056fc195cfdff8819c40de04695a80bc813c3cfa1f5",
                "sha256:e2c1c5dee4a1c36bcb790e0fabd5492d874b8ebd4617622c4f6a731701060dda"
            ],
            "index": "pypi",
            "version": "==1.9.5"
        },
        "sqlparse": {
            "hashes": [
                "sha256:40afe6b8d4b1117e7dff5504d7a8ce07d9a1b15aeeade8a2d10f130a834f8177",
                "sha256:7c3dca29c022744e95b547e867cee89f4fce4373f3549ccd8797d8eb52cdb873"
            ],
            "index": "pypi",
            "version": "==0.3.0"
        },
        "urllib3": {
            "hashes": [
                "sha256:a8a318824cc77d1fd4b2bec2ded92646630d7fe8619497b142c84a9e6f5a7293",
                "sha256:f3c5fd51747d450d4dcf6f923c81f78f811aab8205fda64b0aba34a4e48b0745"
            ],
            "index": "pypi",
            "version": "==1.25.7"
        }
    },
    "develop": {}
}
